
Microsoft Visual Studio Solution File, Format Version 12.00
# Visual Studio Version 17
VisualStudioVersion = 17.2.32602.215
MinimumVisualStudioVersion = 10.0.40219.1
Project("{FAE04EC0-301F-11D3-BF4B-00C04F79EFBC}") = "LoreMaster", "LoreMaster\LoreMaster.csproj", "{86F2B12B-97D8-49C5-A738-BD634E8826BE}"
EndProject
Global
	GlobalSection(SolutionConfigurationPlatforms) = preSolution
		Debug|Any CPU = Debug|Any CPU
		Release|Any CPU = Release|Any CPU
	EndGlobalSection
	GlobalSection(ProjectConfigurationPlatforms) = postSolution
		{86F2B12B-97D8-49C5-A738-BD634E8826BE}.Debug|Any CPU.ActiveCfg = Debug|Any CPU
		{86F2B12B-97D8-49C5-A738-BD634E8826BE}.Debug|Any CPU.Build.0 = Debug|Any CPU
		{86F2B12B-97D8-49C5-A738-BD634E8826BE}.Release|Any CPU.ActiveCfg = Release|Any CPU
		{86F2B12B-97D8-49C5-A738-BD634E8826BE}.Release|Any CPU.Build.0 = Release|Any CPU
	EndGlobalSection
	GlobalSection(SolutionProperties) = preSolution
		HideSolutionNode = FALSE
	EndGlobalSection
	GlobalSection(ExtensibilityGlobals) = postSolution
		SolutionGuid = {6D0054FC-4CE8-42F2-A52C-8F2223FEE14B}
	EndGlobalSection
EndGlobal
